
Microsoft Visual Studio Solution File, Format Version 12.00
# Visual Studio Version 16
VisualStudioVersion = 16.0.33529.622
MinimumVisualStudioVersion = 10.0.40219.1
Project("{888888A0-9F3D-457C-B088-3A5042F75D52}") = "scrolling grid dungeon", "scrolling grid dungeon\scrolling grid dungeon.pyproj", "{580CAB92-B014-46B3-B48D-085ECF6CA9AB}"
EndProject
Global
	GlobalSection(SolutionConfigurationPlatforms) = preSolution
		Debug|Any CPU = Debug|Any CPU
		Release|Any CPU = Release|Any CPU
	EndGlobalSection
	GlobalSection(ProjectConfigurationPlatforms) = postSolution
		{580CAB92-B014-46B3-B48D-085ECF6CA9AB}.Debug|Any CPU.ActiveCfg = Debug|Any CPU
		{580CAB92-B014-46B3-B48D-085ECF6CA9AB}.Release|Any CPU.ActiveCfg = Release|Any CPU
	EndGlobalSection
	GlobalSection(SolutionProperties) = preSolution
		HideSolutionNode = FALSE
	EndGlobalSection
	GlobalSection(ExtensibilityGlobals) = postSolution
		SolutionGuid = {D104C7D1-426A-42F0-8D61-A597D458C6FA}
	EndGlobalSection
EndGlobal
