
Microsoft Visual Studio Solution File, Format Version 12.00
# Visual Studio Version 16
VisualStudioVersion = 16.0.33130.400
MinimumVisualStudioVersion = 10.0.40219.1
Project("{8BC9CEB8-8B4A-11D0-8D11-00A0C91BC942}") = "Hello Moon 2!", "Hello Moon 2!\Hello Moon 2!.vcxproj", "{9C312F8E-9190-4951-B217-91FD305E9FF4}"
EndProject
Global
	GlobalSection(SolutionConfigurationPlatforms) = preSolution
		Debug|x64 = Debug|x64
		Debug|x86 = Debug|x86
		Release|x64 = Release|x64
		Release|x86 = Release|x86
	EndGlobalSection
	GlobalSection(ProjectConfigurationPlatforms) = postSolution
		{9C312F8E-9190-4951-B217-91FD305E9FF4}.Debug|x64.ActiveCfg = Debug|x64
		{9C312F8E-9190-4951-B217-91FD305E9FF4}.Debug|x64.Build.0 = Debug|x64
		{9C312F8E-9190-4951-B217-91FD305E9FF4}.Debug|x86.ActiveCfg = Debug|Win32
		{9C312F8E-9190-4951-B217-91FD305E9FF4}.Debug|x86.Build.0 = Debug|Win32
		{9C312F8E-9190-4951-B217-91FD305E9FF4}.Release|x64.ActiveCfg = Release|x64
		{9C312F8E-9190-4951-B217-91FD305E9FF4}.Release|x64.Build.0 = Release|x64
		{9C312F8E-9190-4951-B217-91FD305E9FF4}.Release|x86.ActiveCfg = Release|Win32
		{9C312F8E-9190-4951-B217-91FD305E9FF4}.Release|x86.Build.0 = Release|Win32
	EndGlobalSection
	GlobalSection(SolutionProperties) = preSolution
		HideSolutionNode = FALSE
	EndGlobalSection
	GlobalSection(ExtensibilityGlobals) = postSolution
		SolutionGuid = {E778E2AB-E33C-48DF-B8AD-E4075AA66D0E}
	EndGlobalSection
EndGlobal
